# This file is autogenerated, do not edit; changes may be undone by the next 'dep ensure'.


[[projects]]
  branch = "master"
  digest = "1:551ab33844ab13e32769635673d997a5ef187541e35df41499f9a4fd7e29db63"
  name = "github.com/knative/test-infra"
  packages = ["scripts"]
  pruneopts = "UT"
  revision = "9c32cdca8409302f34530da1e3fee02e4bac912d"

[solve-meta]
  analyzer-name = "dep"
  analyzer-version = 1
  input-imports = ["github.com/knative/test-infra/scripts"]
  solver-name = "gps-cdcl"
  solver-version = 1
