# This file is autogenerated, do not edit; changes may be undone by the next 'dep ensure'.


[[projects]]
  branch = "master"
  digest = "1:78e937a24337fe4fe7c0ee2a321ede138247aafda4ccbfdafb8f30ad96a2a243"
  name = "github.com/knative/test-infra"
  packages = ["scripts"]
  pruneopts = "UT"
  revision = "0125a23e5d1edb5e2b6f27b9b5a30a3965d6319e"

[solve-meta]
  analyzer-name = "dep"
  analyzer-version = 1
  input-imports = ["github.com/knative/test-infra/scripts"]
  solver-name = "gps-cdcl"
  solver-version = 1
