# This file is autogenerated, do not edit; changes may be undone by the next 'dep ensure'.


[[projects]]
  branch = "master"
  digest = "1:7f69cbcecc19b16348db79ac39f010e12fbfc86f3cf4b2712aacc460e882ebfa"
  name = "github.com/knative/test-infra"
  packages = ["scripts"]
  pruneopts = "UT"
  revision = "89e4aae358be056ee70b595c20106a4a5c70fdc1"

[solve-meta]
  analyzer-name = "dep"
  analyzer-version = 1
  input-imports = ["github.com/knative/test-infra/scripts"]
  solver-name = "gps-cdcl"
  solver-version = 1
